
Microsoft Visual Studio Solution File, Format Version 12.00
# Visual Studio 15
VisualStudioVersion = 15.0.28307.1000
MinimumVisualStudioVersion = 10.0.40219.1
Project("{FAE04EC0-301F-11D3-BF4B-00C04F79EFBC}") = "Composer", "Composer\Composer.csproj", "{6229CD16-2911-481F-8F90-CB7AF65EB89E}"
EndProject
Global
	GlobalSection(SolutionConfigurationPlatforms) = preSolution
		Debug|Any CPU = Debug|Any CPU
		Release|Any CPU = Release|Any CPU
	EndGlobalSection
	GlobalSection(ProjectConfigurationPlatforms) = postSolution
		{6229CD16-2911-481F-8F90-CB7AF65EB89E}.Debug|Any CPU.ActiveCfg = Debug|Any CPU
		{6229CD16-2911-481F-8F90-CB7AF65EB89E}.Debug|Any CPU.Build.0 = Debug|Any CPU
		{6229CD16-2911-481F-8F90-CB7AF65EB89E}.Release|Any CPU.ActiveCfg = Release|Any CPU
		{6229CD16-2911-481F-8F90-CB7AF65EB89E}.Release|Any CPU.Build.0 = Release|Any CPU
	EndGlobalSection
	GlobalSection(SolutionProperties) = preSolution
		HideSolutionNode = FALSE
	EndGlobalSection
	GlobalSection(ExtensibilityGlobals) = postSolution
		SolutionGuid = {4C993D50-CE35-4DD6-A04F-DBC51397427D}
	EndGlobalSection
EndGlobal
